
Microsoft Visual Studio Solution File, Format Version 12.00
# Visual Studio Version 17
VisualStudioVersion = 17.7.34024.191
MinimumVisualStudioVersion = 10.0.40219.1
Project("{FAE04EC0-301F-11D3-BF4B-00C04F79EFBC}") = "Atividade 7", "Atividade 7.csproj", "{AD1D1B9C-327D-481E-8074-4B7C2903CED4}"
EndProject
Global
	GlobalSection(SolutionConfigurationPlatforms) = preSolution
		Debug|Any CPU = Debug|Any CPU
		Release|Any CPU = Release|Any CPU
	EndGlobalSection
	GlobalSection(ProjectConfigurationPlatforms) = postSolution
		{AD1D1B9C-327D-481E-8074-4B7C2903CED4}.Debug|Any CPU.ActiveCfg = Debug|Any CPU
		{AD1D1B9C-327D-481E-8074-4B7C2903CED4}.Debug|Any CPU.Build.0 = Debug|Any CPU
		{AD1D1B9C-327D-481E-8074-4B7C2903CED4}.Release|Any CPU.ActiveCfg = Release|Any CPU
		{AD1D1B9C-327D-481E-8074-4B7C2903CED4}.Release|Any CPU.Build.0 = Release|Any CPU
	EndGlobalSection
	GlobalSection(SolutionProperties) = preSolution
		HideSolutionNode = FALSE
	EndGlobalSection
	GlobalSection(ExtensibilityGlobals) = postSolution
		SolutionGuid = {D5B4899F-B07C-4846-8898-5E877AB49F2C}
	EndGlobalSection
EndGlobal
